// !$*UTF8*$!
{
	archiveVersion = 1;
	classes = {
	};
	objectVersion = 55;
	objects = {

/* Begin PBXBuildFile section */
		A236957628C2185800A3E503 /* HeroWidgetApp.swift in Sources */ = {isa = PBXBuildFile; fileRef = A236957528C2185800A3E503 /* HeroWidgetApp.swift */; };
		A236957828C2185800A3E503 /* ContentView.swift in Sources */ = {isa = PBXBuildFile; fileRef = A236957728C2185800A3E503 /* ContentView.swift */; };
		A236957A28C2185900A3E503 /* Assets.xcassets in Resources */ = {isa = PBXBuildFile; fileRef = A236957928C2185900A3E503 /* Assets.xcassets */; };
		A236957D28C2185900A3E503 /* Preview Assets.xcassets in Resources */ = {isa = PBXBuildFile; fileRef = A236957C28C2185900A3E503 /* Preview Assets.xcassets */; };
		A236958728C2185900A3E503 /* HeroWidgetTests.swift in Sources */ = {isa = PBXBuildFile; fileRef = A236958628C2185900A3E503 /* HeroWidgetTests.swift */; };
		A236959128C2185900A3E503 /* HeroWidgetUITests.swift in Sources */ = {isa = PBXBuildFile; fileRef = A236959028C2185900A3E503 /* HeroWidgetUITests.swift */; };
		A236959328C2185900A3E503 /* HeroWidgetUITestsLaunchTests.swift in Sources */ = {isa = PBXBuildFile; fileRef = A236959228C2185900A3E503 /* HeroWidgetUITestsLaunchTests.swift */; };
/* End PBXBuildFile section */

/* Begin PBXContainerItemProxy section */
		A236958328C2185900A3E503 /* PBXContainerItemProxy */ = {
			isa = PBXContainerItemProxy;
			containerPortal = A236956A28C2185800A3E503 /* Project object */;
			proxyType = 1;
			remoteGlobalIDString = A236957128C2185800A3E503;
			remoteInfo = HeroWidget;
		};
		A236958D28C2185900A3E503 /* PBXContainerItemProxy */ = {
			isa = PBXContainerItemProxy;
			containerPortal = A236956A28C2185800A3E503 /* Project object */;
			proxyType = 1;
			remoteGlobalIDString = A236957128C2185800A3E503;
			remoteInfo = HeroWidget;
		};
/* End PBXContainerItemProxy section */

/* Begin PBXFileReference section */
		A236957228C2185800A3E503 /* HeroWidget.app */ = {isa = PBXFileReference; explicitFileType = wrapper.application; includeInIndex = 0; path = HeroWidget.app; sourceTree = BUILT_PRODUCTS_DIR; };
		A236957528C2185800A3E503 /* HeroWidgetApp.swift */ = {isa = PBXFileReference; lastKnownFileType = sourcecode.swift; path = HeroWidgetApp.swift; sourceTree = "<group>"; };
		A236957728C2185800A3E503 /* ContentView.swift */ = {isa = PBXFileReference; lastKnownFileType = sourcecode.swift; path = ContentView.swift; sourceTree = "<group>"; };
		A236957928C2185900A3E503 /* Assets.xcassets */ = {isa = PBXFileReference; lastKnownFileType = folder.assetcatalog; path = Assets.xcassets; sourceTree = "<group>"; };
		A236957C28C2185900A3E503 /* Preview Assets.xcassets */ = {isa = PBXFileReference; lastKnownFileType = folder.assetcatalog; path = "Preview Assets.xcassets"; sourceTree = "<group>"; };
		A236958228C2185900A3E503 /* HeroWidgetTests.xctest */ = {isa = PBXFileReference; explicitFileType = wrapper.cfbundle; includeInIndex = 0; path = HeroWidgetTests.xctest; sourceTree = BUILT_PRODUCTS_DIR; };
		A236958628C2185900A3E503 /* HeroWidgetTests.swift */ = {isa = PBXFileReference; lastKnownFileType = sourcecode.swift; path = HeroWidgetTests.swift; sourceTree = "<group>"; };
		A236958C28C2185900A3E503 /* HeroWidgetUITests.xctest */ = {isa = PBXFileReference; explicitFileType = wrapper.cfbundle; includeInIndex = 0; path = HeroWidgetUITests.xctest; sourceTree = BUILT_PRODUCTS_DIR; };
		A236959028C2185900A3E503 /* HeroWidgetUITests.swift */ = {isa = PBXFileReference; lastKnownFileType = sourcecode.swift; path = HeroWidgetUITests.swift; sourceTree = "<group>"; };
		A236959228C2185900A3E503 /* HeroWidgetUITestsLaunchTests.swift */ = {isa = PBXFileReference; lastKnownFileType = sourcecode.swift; path = HeroWidgetUITestsLaunchTests.swift; sourceTree = "<group>"; };
/* End PBXFileReference section */

/* Begin PBXFrameworksBuildPhase section */
		A236956F28C2185800A3E503 /* Frameworks */ = {
			isa = PBXFrameworksBuildPhase;
			buildActionMask = 2147483647;
			files = (
			);
			runOnlyForDeploymentPostprocessing = 0;
		};
		A236957F28C2185900A3E503 /* Frameworks */ = {
			isa = PBXFrameworksBuildPhase;
			buildActionMask = 2147483647;
			files = (
			);
			runOnlyForDeploymentPostprocessing = 0;
		};
		A236958928C2185900A3E503 /* Frameworks */ = {
			isa = PBXFrameworksBuildPhase;
			buildActionMask = 2147483647;
			files = (
			);
			runOnlyForDeploymentPostprocessing = 0;
		};
/* End PBXFrameworksBuildPhase section */

/* Begin PBXGroup section */
		A236956928C2185800A3E503 = {
			isa = PBXGroup;
			children = (
				A236957428C2185800A3E503 /* HeroWidget */,
				A236958528C2185900A3E503 /* HeroWidgetTests */,
				A236958F28C2185900A3E503 /* HeroWidgetUITests */,
				A236957328C2185800A3E503 /* Products */,
			);
			sourceTree = "<group>";
		};
		A236957328C2185800A3E503 /* Products */ = {
			isa = PBXGroup;
			children = (
				A236957228C2185800A3E503 /* HeroWidget.app */,
				A236958228C2185900A3E503 /* HeroWidgetTests.xctest */,
				A236958C28C2185900A3E503 /* HeroWidgetUITests.xctest */,
			);
			name = Products;
			sourceTree = "<group>";
		};
		A236957428C2185800A3E503 /* HeroWidget */ = {
			isa = PBXGroup;
			children = (
				A236957528C2185800A3E503 /* HeroWidgetApp.swift */,
				A236957728C2185800A3E503 /* ContentView.swift */,
				A236957928C2185900A3E503 /* Assets.xcassets */,
				A236957B28C2185900A3E503 /* Preview Content */,
			);
			path = HeroWidget;
			sourceTree = "<group>";
		};
		A236957B28C2185900A3E503 /* Preview Content */ = {
			isa = PBXGroup;
			children = (
				A236957C28C2185900A3E503 /* Preview Assets.xcassets */,
			);
			path = "Preview Content";
			sourceTree = "<group>";
		};
		A236958528C2185900A3E503 /* HeroWidgetTests */ = {
			isa = PBXGroup;
			children = (
				A236958628C2185900A3E503 /* HeroWidgetTests.swift */,
			);
			path = HeroWidgetTests;
			sourceTree = "<group>";
		};
		A236958F28C2185900A3E503 /* HeroWidgetUITests */ = {
			isa = PBXGroup;
			children = (
				A236959028C2185900A3E503 /* HeroWidgetUITests.swift */,
				A236959228C2185900A3E503 /* HeroWidgetUITestsLaunchTests.swift */,
			);
			path = HeroWidgetUITests;
			sourceTree = "<group>";
		};
/* End PBXGroup section */

/* Begin PBXNativeTarget section */
		A236957128C2185800A3E503 /* HeroWidget */ = {
			isa = PBXNativeTarget;
			buildConfigurationList = A236959628C2185900A3E503 /* Build configuration list for PBXNativeTarget "HeroWidget" */;
			buildPhases = (
				A236956E28C2185800A3E503 /* Sources */,
				A236956F28C2185800A3E503 /* Frameworks */,
				A236957028C2185800A3E503 /* Resources */,
			);
			buildRules = (
			);
			dependencies = (
			);
			name = HeroWidget;
			productName = HeroWidget;
			productReference = A236957228C2185800A3E503 /* HeroWidget.app */;
			productType = "com.apple.product-type.application";
		};
		A236958128C2185900A3E503 /* HeroWidgetTests */ = {
			isa = PBXNativeTarget;
			buildConfigurationList = A236959928C2185900A3E503 /* Build configuration list for PBXNativeTarget "HeroWidgetTests" */;
			buildPhases = (
				A236957E28C2185900A3E503 /* Sources */,
				A236957F28C2185900A3E503 /* Frameworks */,
				A236958028C2185900A3E503 /* Resources */,
			);
			buildRules = (
			);
			dependencies = (
				A236958428C2185900A3E503 /* PBXTargetDependency */,
			);
			name = HeroWidgetTests;
			productName = HeroWidgetTests;
			productReference = A236958228C2185900A3E503 /* HeroWidgetTests.xctest */;
			productType = "com.apple.product-type.bundle.unit-test";
		};
		A236958B28C2185900A3E503 /* HeroWidgetUITests */ = {
			isa = PBXNativeTarget;
			buildConfigurationList = A236959C28C2185900A3E503 /* Build configuration list for PBXNativeTarget "HeroWidgetUITests" */;
			buildPhases = (
				A236958828C2185900A3E503 /* Sources */,
				A236958928C2185900A3E503 /* Frameworks */,
				A236958A28C2185900A3E503 /* Resources */,
			);
			buildRules = (
			);
			dependencies = (
				A236958E28C2185900A3E503 /* PBXTargetDependency */,
			);
			name = HeroWidgetUITests;
			productName = HeroWidgetUITests;
			productReference = A236958C28C2185900A3E503 /* HeroWidgetUITests.xctest */;
			productType = "com.apple.product-type.bundle.ui-testing";
		};
/* End PBXNativeTarget section */

/* Begin PBXProject section */
		A236956A28C2185800A3E503 /* Project object */ = {
			isa = PBXProject;
			attributes = {
				BuildIndependentTargetsInParallel = 1;
				LastSwiftUpdateCheck = 1340;
				LastUpgradeCheck = 1340;
				TargetAttributes = {
					A236957128C2185800A3E503 = {
						CreatedOnToolsVersion = 13.4.1;
					};
					A236958128C2185900A3E503 = {
						CreatedOnToolsVersion = 13.4.1;
						TestTargetID = A236957128C2185800A3E503;
					};
					A236958B28C2185900A3E503 = {
						CreatedOnToolsVersion = 13.4.1;
						TestTargetID = A236957128C2185800A3E503;
					};
				};
			};
			buildConfigurationList = A236956D28C2185800A3E503 /* Build configuration list for PBXProject "HeroWidget" */;
			compatibilityVersion = "Xcode 13.0";
			developmentRegion = en;
			hasScannedForEncodings = 0;
			knownRegions = (
				en,
				Base,
			);
			mainGroup = A236956928C2185800A3E503;
			productRefGroup = A236957328C2185800A3E503 /* Products */;
			projectDirPath = "";
			projectRoot = "";
			targets = (
				A236957128C2185800A3E503 /* HeroWidget */,
				A236958128C2185900A3E503 /* HeroWidgetTests */,
				A236958B28C2185900A3E503 /* HeroWidgetUITests */,
			);
		};
/* End PBXProject section */

/* Begin PBXResourcesBuildPhase section */
		A236957028C2185800A3E503 /* Resources */ = {
			isa = PBXResourcesBuildPhase;
			buildActionMask = 2147483647;
			files = (
				A236957D28C2185900A3E503 /* Preview Assets.xcassets in Resources */,
				A236957A28C2185900A3E503 /* Assets.xcassets in Resources */,
			);
			runOnlyForDeploymentPostprocessing = 0;
		};
		A236958028C2185900A3E503 /* Resources */ = {
			isa = PBXResourcesBuildPhase;
			buildActionMask = 2147483647;
			files = (
			);
			runOnlyForDeploymentPostprocessing = 0;
		};
		A236958A28C2185900A3E503 /* Resources */ = {
			isa = PBXResourcesBuildPhase;
			buildActionMask = 2147483647;
			files = (
			);
			runOnlyForDeploymentPostprocessing = 0;
		};
/* End PBXResourcesBuildPhase section */

/* Begin PBXSourcesBuildPhase section */
		A236956E28C2185800A3E503 /* Sources */ = {
			isa = PBXSourcesBuildPhase;
			buildActionMask = 2147483647;
			files = (
				A236957828C2185800A3E503 /* ContentView.swift in Sources */,
				A236957628C2185800A3E503 /* HeroWidgetApp.swift in Sources */,
			);
			runOnlyForDeploymentPostprocessing = 0;
		};
		A236957E28C2185900A3E503 /* Sources */ = {
			isa = PBXSourcesBuildPhase;
			buildActionMask = 2147483647;
			files = (
				A236958728C2185900A3E503 /* HeroWidgetTests.swift in Sources */,
			);
			runOnlyForDeploymentPostprocessing = 0;
		};
		A236958828C2185900A3E503 /* Sources */ = {
			isa = PBXSourcesBuildPhase;
			buildActionMask = 2147483647;
			files = (
				A236959328C2185900A3E503 /* HeroWidgetUITestsLaunchTests.swift in Sources */,
				A236959128C2185900A3E503 /* HeroWidgetUITests.swift in Sources */,
			);
			runOnlyForDeploymentPostprocessing = 0;
		};
/* End PBXSourcesBuildPhase section */

/* Begin PBXTargetDependency section */
		A236958428C2185900A3E503 /* PBXTargetDependency */ = {
			isa = PBXTargetDependency;
			target = A236957128C2185800A3E503 /* HeroWidget */;
			targetProxy = A236958328C2185900A3E503 /* PBXContainerItemProxy */;
		};
		A236958E28C2185900A3E503 /* PBXTargetDependency */ = {
			isa = PBXTargetDependency;
			target = A236957128C2185800A3E503 /* HeroWidget */;
			targetProxy = A236958D28C2185900A3E503 /* PBXContainerItemProxy */;
		};
/* End PBXTargetDependency section */

/* Begin XCBuildConfiguration section */
		A236959428C2185900A3E503 /* Debug */ = {
			isa = XCBuildConfiguration;
			buildSettings = {
				ALWAYS_SEARCH_USER_PATHS = NO;
				CLANG_ANALYZER_NONNULL = YES;
				CLANG_ANALYZER_NUMBER_OBJECT_CONVERSION = YES_AGGRESSIVE;
				CLANG_CXX_LANGUAGE_STANDARD = "gnu++17";
				CLANG_ENABLE_MODULES = YES;
				CLANG_ENABLE_OBJC_ARC = YES;
				CLANG_ENABLE_OBJC_WEAK = YES;
				CLANG_WARN_BLOCK_CAPTURE_AUTORELEASING = YES;
				CLANG_WARN_BOOL_CONVERSION = YES;
				CLANG_WARN_COMMA = YES;
				CLANG_WARN_CONSTANT_CONVERSION = YES;
				CLANG_WARN_DEPRECATED_OBJC_IMPLEMENTATIONS = YES;
				CLANG_WARN_DIRECT_OBJC_ISA_USAGE = YES_ERROR;
				CLANG_WARN_DOCUMENTATION_COMMENTS = YES;
				CLANG_WARN_EMPTY_BODY = YES;
				CLANG_WARN_ENUM_CONVERSION = YES;
				CLANG_WARN_INFINITE_RECURSION = YES;
				CLANG_WARN_INT_CONVERSION = YES;
				CLANG_WARN_NON_LITERAL_NULL_CONVERSION = YES;
				CLANG_WARN_OBJC_IMPLICIT_RETAIN_SELF = YES;
				CLANG_WARN_OBJC_LITERAL_CONVERSION = YES;
				CLANG_WARN_OBJC_ROOT_CLASS = YES_ERROR;
				CLANG_WARN_QUOTED_INCLUDE_IN_FRAMEWORK_HEADER = YES;
				CLANG_WARN_RANGE_LOOP_ANALYSIS = YES;
				CLANG_WARN_STRICT_PROTOTYPES = YES;
				CLANG_WARN_SUSPICIOUS_MOVE = YES;
				CLANG_WARN_UNGUARDED_AVAILABILITY = YES_AGGRESSIVE;
				CLANG_WARN_UNREACHABLE_CODE = YES;
				CLANG_WARN__DUPLICATE_METHOD_MATCH = YES;
				COPY_PHASE_STRIP = NO;
				DEBUG_INFORMATION_FORMAT = dwarf;
				ENABLE_STRICT_OBJC_MSGSEND = YES;
				ENABLE_TESTABILITY = YES;
				GCC_C_LANGUAGE_STANDARD = gnu11;
				GCC_DYNAMIC_NO_PIC = NO;
				GCC_NO_COMMON_BLOCKS = YES;
				GCC_OPTIMIZATION_LEVEL = 0;
				GCC_PREPROCESSOR_DEFINITIONS = (
					"DEBUG=1",
					"$(inherited)",
				);
				GCC_WARN_64_TO_32_BIT_CONVERSION = YES;
				GCC_WARN_ABOUT_RETURN_TYPE = YES_ERROR;
				GCC_WARN_UNDECLARED_SELECTOR = YES;
				GCC_WARN_UNINITIALIZED_AUTOS = YES_AGGRESSIVE;
				GCC_WARN_UNUSED_FUNCTION = YES;
				GCC_WARN_UNUSED_VARIABLE = YES;
				IPHONEOS_DEPLOYMENT_TARGET = 15.5;
				MTL_ENABLE_DEBUG_INFO = INCLUDE_SOURCE;
				MTL_FAST_MATH = YES;
				ONLY_ACTIVE_ARCH = YES;
				SDKROOT = iphoneos;
				SWIFT_ACTIVE_COMPILATION_CONDITIONS = DEBUG;
				SWIFT_OPTIMIZATION_LEVEL = "-Onone";
			};
			name = Debug;
		};
		A236959528C2185900A3E503 /* Release */ = {
			isa = XCBuildConfiguration;
			buildSettings = {
				ALWAYS_SEARCH_USER_PATHS = NO;
				CLANG_ANALYZER_NONNULL = YES;
				CLANG_ANALYZER_NUMBER_OBJECT_CONVERSION = YES_AGGRESSIVE;
				CLANG_CXX_LANGUAGE_STANDARD = "gnu++17";
				CLANG_ENABLE_MODULES = YES;
				CLANG_ENABLE_OBJC_ARC = YES;
				CLANG_ENABLE_OBJC_WEAK = YES;
				CLANG_WARN_BLOCK_CAPTURE_AUTORELEASING = YES;
				CLANG_WARN_BOOL_CONVERSION = YES;
				CLANG_WARN_COMMA = YES;
				CLANG_WARN_CONSTANT_CONVERSION = YES;
				CLANG_WARN_DEPRECATED_OBJC_IMPLEMENTATIONS = YES;
				CLANG_WARN_DIRECT_OBJC_ISA_USAGE = YES_ERROR;
				CLANG_WARN_DOCUMENTATION_COMMENTS = YES;
				CLANG_WARN_EMPTY_BODY = YES;
				CLANG_WARN_ENUM_CONVERSION = YES;
				CLANG_WARN_INFINITE_RECURSION = YES;
				CLANG_WARN_INT_CONVERSION = YES;
				CLANG_WARN_NON_LITERAL_NULL_CONVERSION = YES;
				CLANG_WARN_OBJC_IMPLICIT_RETAIN_SELF = YES;
				CLANG_WARN_OBJC_LITERAL_CONVERSION = YES;
				CLANG_WARN_OBJC_ROOT_CLASS = YES_ERROR;
				CLANG_WARN_QUOTED_INCLUDE_IN_FRAMEWORK_HEADER = YES;
				CLANG_WARN_RANGE_LOOP_ANALYSIS = YES;
				CLANG_WARN_STRICT_PROTOTYPES = YES;
				CLANG_WARN_SUSPICIOUS_MOVE = YES;
				CLANG_WARN_UNGUARDED_AVAILABILITY = YES_AGGRESSIVE;
				CLANG_WARN_UNREACHABLE_CODE = YES;
				CLANG_WARN__DUPLICATE_METHOD_MATCH = YES;
				COPY_PHASE_STRIP = NO;
				DEBUG_INFORMATION_FORMAT = "dwarf-with-dsym";
				ENABLE_NS_ASSERTIONS = NO;
				ENABLE_STRICT_OBJC_MSGSEND = YES;
				GCC_C_LANGUAGE_STANDARD = gnu11;
				GCC_NO_COMMON_BLOCKS = YES;
				GCC_WARN_64_TO_32_BIT_CONVERSION = YES;
				GCC_WARN_ABOUT_RETURN_TYPE = YES_ERROR;
				GCC_WARN_UNDECLARED_SELECTOR = YES;
				GCC_WARN_UNINITIALIZED_AUTOS = YES_AGGRESSIVE;
				GCC_WARN_UNUSED_FUNCTION = YES;
				GCC_WARN_UNUSED_VARIABLE = YES;
				IPHONEOS_DEPLOYMENT_TARGET = 15.5;
				MTL_ENABLE_DEBUG_INFO = NO;
				MTL_FAST_MATH = YES;
				SDKROOT = iphoneos;
				SWIFT_COMPILATION_MODE = wholemodule;
				SWIFT_OPTIMIZATION_LEVEL = "-O";
				VALIDATE_PRODUCT = YES;
			};
			name = Release;
		};
		A236959728C2185900A3E503 /* Debug */ = {
			isa = XCBuildConfiguration;
			buildSettings = {
				ASSETCATALOG_COMPILER_APPICON_NAME = AppIcon;
				ASSETCATALOG_COMPILER_GLOBAL_ACCENT_COLOR_NAME = AccentColor;
				CODE_SIGN_STYLE = Automatic;
				CURRENT_PROJECT_VERSION = 1;
				DEVELOPMENT_ASSET_PATHS = "\"HeroWidget/Preview Content\"";
				DEVELOPMENT_TEAM = RN3SC24S4G;
				ENABLE_PREVIEWS = YES;
				GENERATE_INFOPLIST_FILE = YES;
				INFOPLIST_KEY_UIApplicationSceneManifest_Generation = YES;
				INFOPLIST_KEY_UIApplicationSupportsIndirectInputEvents = YES;
				INFOPLIST_KEY_UILaunchScreen_Generation = YES;
				INFOPLIST_KEY_UISupportedInterfaceOrientations_iPad = "UIInterfaceOrientationPortrait UIInterfaceOrientationPortraitUpsideDown UIInterfaceOrientationLandscapeLeft UIInterfaceOrientationLandscapeRight";
				INFOPLIST_KEY_UISupportedInterfaceOrientations_iPhone = "UIInterfaceOrientationPortrait UIInterfaceOrientationLandscapeLeft UIInterfaceOrientationLandscapeRight";
				LD_RUNPATH_SEARCH_PATHS = (
					"$(inherited)",
					"@executable_path/Frameworks",
				);
				MARKETING_VERSION = 1.0;
				PRODUCT_BUNDLE_IDENTIFIER = com.alperenkavuk.HeroWidget;
				PRODUCT_NAME = "$(TARGET_NAME)";
				SWIFT_EMIT_LOC_STRINGS = YES;
				SWIFT_VERSION = 5.0;
				TARGETED_DEVICE_FAMILY = "1,2";
			};
			name = Debug;
		};
		A236959828C2185900A3E503 /* Release */ = {
			isa = XCBuildConfiguration;
			buildSettings = {
				ASSETCATALOG_COMPILER_APPICON_NAME = AppIcon;
				ASSETCATALOG_COMPILER_GLOBAL_ACCENT_COLOR_NAME = AccentColor;
				CODE_SIGN_STYLE = Automatic;
				CURRENT_PROJECT_VERSION = 1;
				DEVELOPMENT_ASSET_PATHS = "\"HeroWidget/Preview Content\"";
				DEVELOPMENT_TEAM = RN3SC24S4G;
				ENABLE_PREVIEWS = YES;
				GENERATE_INFOPLIST_FILE = YES;
				INFOPLIST_KEY_UIApplicationSceneManifest_Generation = YES;
				INFOPLIST_KEY_UIApplicationSupportsIndirectInputEvents = YES;
				INFOPLIST_KEY_UILaunchScreen_Generation = YES;
				INFOPLIST_KEY_UISupportedInterfaceOrientations_iPad = "UIInterfaceOrientationPortrait UIInterfaceOrientationPortraitUpsideDown UIInterfaceOrientationLandscapeLeft UIInterfaceOrientationLandscapeRight";
				INFOPLIST_KEY_UISupportedInterfaceOrientations_iPhone = "UIInterfaceOrientationPortrait UIInterfaceOrientationLandscapeLeft UIInterfaceOrientationLandscapeRight";
				LD_RUNPATH_SEARCH_PATHS = (
					"$(inherited)",
					"@executable_path/Frameworks",
				);
				MARKETING_VERSION = 1.0;
				PRODUCT_BUNDLE_IDENTIFIER = com.alperenkavuk.HeroWidget;
				PRODUCT_NAME = "$(TARGET_NAME)";
				SWIFT_EMIT_LOC_STRINGS = YES;
				SWIFT_VERSION = 5.0;
				TARGETED_DEVICE_FAMILY = "1,2";
			};
			name = Release;
		};
		A236959A28C2185900A3E503 /* Debug */ = {
			isa = XCBuildConfiguration;
			buildSettings = {
				ALWAYS_EMBED_SWIFT_STANDARD_LIBRARIES = YES;
				BUNDLE_LOADER = "$(TEST_HOST)";
				CODE_SIGN_STYLE = Automatic;
				CURRENT_PROJECT_VERSION = 1;
				DEVELOPMENT_TEAM = RN3SC24S4G;
				GENERATE_INFOPLIST_FILE = YES;
				IPHONEOS_DEPLOYMENT_TARGET = 15.5;
				MARKETING_VERSION = 1.0;
				PRODUCT_BUNDLE_IDENTIFIER = com.alperenkavuk.HeroWidgetTests;
				PRODUCT_NAME = "$(TARGET_NAME)";
				SWIFT_EMIT_LOC_STRINGS = NO;
				SWIFT_VERSION = 5.0;
				TARGETED_DEVICE_FAMILY = "1,2";
				TEST_HOST = "$(BUILT_PRODUCTS_DIR)/HeroWidget.app/HeroWidget";
			};
			name = Debug;
		};
		A236959B28C2185900A3E503 /* Release */ = {
			isa = XCBuildConfiguration;
			buildSettings = {
				ALWAYS_EMBED_SWIFT_STANDARD_LIBRARIES = YES;
				BUNDLE_LOADER = "$(TEST_HOST)";
				CODE_SIGN_STYLE = Automatic;
				CURRENT_PROJECT_VERSION = 1;
				DEVELOPMENT_TEAM = RN3SC24S4G;
				GENERATE_INFOPLIST_FILE = YES;
				IPHONEOS_DEPLOYMENT_TARGET = 15.5;
				MARKETING_VERSION = 1.0;
				PRODUCT_BUNDLE_IDENTIFIER = com.alperenkavuk.HeroWidgetTests;
				PRODUCT_NAME = "$(TARGET_NAME)";
				SWIFT_EMIT_LOC_STRINGS = NO;
				SWIFT_VERSION = 5.0;
				TARGETED_DEVICE_FAMILY = "1,2";
				TEST_HOST = "$(BUILT_PRODUCTS_DIR)/HeroWidget.app/HeroWidget";
			};
			name = Release;
		};
		A236959D28C2185900A3E503 /* Debug */ = {
			isa = XCBuildConfiguration;
			buildSettings = {
				ALWAYS_EMBED_SWIFT_STANDARD_LIBRARIES = YES;
				CODE_SIGN_STYLE = Automatic;
				CURRENT_PROJECT_VERSION = 1;
				DEVELOPMENT_TEAM = RN3SC24S4G;
				GENERATE_INFOPLIST_FILE = YES;
				MARKETING_VERSION = 1.0;
				PRODUCT_BUNDLE_IDENTIFIER = com.alperenkavuk.HeroWidgetUITests;
				PRODUCT_NAME = "$(TARGET_NAME)";
				SWIFT_EMIT_LOC_STRINGS = NO;
				SWIFT_VERSION = 5.0;
				TARGETED_DEVICE_FAMILY = "1,2";
				TEST_TARGET_NAME = HeroWidget;
			};
			name = Debug;
		};
		A236959E28C2185900A3E503 /* Release */ = {
			isa = XCBuildConfiguration;
			buildSettings = {
				ALWAYS_EMBED_SWIFT_STANDARD_LIBRARIES = YES;
				CODE_SIGN_STYLE = Automatic;
				CURRENT_PROJECT_VERSION = 1;
				DEVELOPMENT_TEAM = RN3SC24S4G;
				GENERATE_INFOPLIST_FILE = YES;
				MARKETING_VERSION = 1.0;
				PRODUCT_BUNDLE_IDENTIFIER = com.alperenkavuk.HeroWidgetUITests;
				PRODUCT_NAME = "$(TARGET_NAME)";
				SWIFT_EMIT_LOC_STRINGS = NO;
				SWIFT_VERSION = 5.0;
				TARGETED_DEVICE_FAMILY = "1,2";
				TEST_TARGET_NAME = HeroWidget;
			};
			name = Release;
		};
/* End XCBuildConfiguration section */

/* Begin XCConfigurationList section */
		A236956D28C2185800A3E503 /* Build configuration list for PBXProject "HeroWidget" */ = {
			isa = XCConfigurationList;
			buildConfigurations = (
				A236959428C2185900A3E503 /* Debug */,
				A236959528C2185900A3E503 /* Release */,
			);
			defaultConfigurationIsVisible = 0;
			defaultConfigurationName = Release;
		};
		A236959628C2185900A3E503 /* Build configuration list for PBXNativeTarget "HeroWidget" */ = {
			isa = XCConfigurationList;
			buildConfigurations = (
				A236959728C2185900A3E503 /* Debug */,
				A236959828C2185900A3E503 /* Release */,
			);
			defaultConfigurationIsVisible = 0;
			defaultConfigurationName = Release;
		};
		A236959928C2185900A3E503 /* Build configuration list for PBXNativeTarget "HeroWidgetTests" */ = {
			isa = XCConfigurationList;
			buildConfigurations = (
				A236959A28C2185900A3E503 /* Debug */,
				A236959B28C2185900A3E503 /* Release */,
			);
			defaultConfigurationIsVisible = 0;
			defaultConfigurationName = Release;
		};
		A236959C28C2185900A3E503 /* Build configuration list for PBXNativeTarget "HeroWidgetUITests" */ = {
			isa = XCConfigurationList;
			buildConfigurations = (
				A236959D28C2185900A3E503 /* Debug */,
				A236959E28C2185900A3E503 /* Release */,
			);
			defaultConfigurationIsVisible = 0;
			defaultConfigurationName = Release;
		};
/* End XCConfigurationList section */
	};
	rootObject = A236956A28C2185800A3E503 /* Project object */;
}
